
Microsoft Visual Studio Solution File, Format Version 12.00
# Visual Studio Version 16
VisualStudioVersion = 16.0.30320.27
MinimumVisualStudioVersion = 10.0.40219.1
Project("{2150E333-8FDC-42A3-9474-1A3956D46DE8}") = "src", "src", "{DD3B96FC-F10D-4765-BD2D-50A1A54B00F1}"
EndProject
Project("{2150E333-8FDC-42A3-9474-1A3956D46DE8}") = "Catalog", "Catalog", "{2E15B7EB-84B5-4B9B-BE68-CFBA97C4E170}"
EndProject
Project("{9A19103F-16F7-4668-BE54-9A1E7A4F7556}") = "Catalog.API", "src\Catalog\Catalog.API\Catalog.API.csproj", "{B5D6267C-E94E-4A5E-88E2-D893AB90C404}"
EndProject
Project("{E53339B2-1760-4266-BCC7-CA923CBCF16C}") = "docker-compose", "docker-compose.dcproj", "{B06362B1-2243-4CBA-8ABC-04BA093853B2}"
EndProject
Project("{2150E333-8FDC-42A3-9474-1A3956D46DE8}") = "Basket", "Basket", "{05953585-2E14-4CBE-8C0B-197D7FBFFF26}"
EndProject
Project("{9A19103F-16F7-4668-BE54-9A1E7A4F7556}") = "Basket.API", "src\Basket\Basket.API\Basket.API.csproj", "{7B899A31-27DE-479F-962F-52BF339B74E8}"
EndProject
Project("{2150E333-8FDC-42A3-9474-1A3956D46DE8}") = "Common", "Common", "{036BC4B6-C1D4-4B1E-9426-C142EF0A4804}"
EndProject
Project("{9A19103F-16F7-4668-BE54-9A1E7A4F7556}") = "EventBusRabbitMQ", "src\Common\EventBusRabbitMQ\EventBusRabbitMQ.csproj", "{ECDF026A-F596-4FAC-B250-329E24729828}"
EndProject
Project("{2150E333-8FDC-42A3-9474-1A3956D46DE8}") = "Ordering", "Ordering", "{AA4F1AEF-DE33-42DE-8C60-9A5A29E1277E}"
EndProject
Project("{9A19103F-16F7-4668-BE54-9A1E7A4F7556}") = "Ordering.API", "src\Ordering\Ordering.API\Ordering.API.csproj", "{840A7065-C43A-4E03-AC49-35CD0290501B}"
EndProject
Project("{9A19103F-16F7-4668-BE54-9A1E7A4F7556}") = "Ordering.Core", "src\Ordering\Ordering.Core\Ordering.Core.csproj", "{38809F5F-03B4-4F35-8B4D-C768AE60012D}"
EndProject
Project("{9A19103F-16F7-4668-BE54-9A1E7A4F7556}") = "Ordering.Infrastructure", "src\Ordering\Ordering.Infrastructure\Ordering.Infrastructure.csproj", "{A21851A8-6D2B-4F93-9AE5-0F3783EA17C3}"
EndProject
Project("{9A19103F-16F7-4668-BE54-9A1E7A4F7556}") = "Ordering.Application", "src\Ordering\Ordering.Application\Ordering.Application.csproj", "{56F32089-4AAF-443C-9242-39486ABB2305}"
EndProject
Project("{2150E333-8FDC-42A3-9474-1A3956D46DE8}") = "APIGateway", "APIGateway", "{F8F322D2-57A4-467E-9253-370DB6A3FB7E}"
EndProject
Project("{9A19103F-16F7-4668-BE54-9A1E7A4F7556}") = "OcelotAPIGateway", "src\APIGateway\OcelotAPIGateway\OcelotAPIGateway.csproj", "{DE63C87B-FC23-4DFD-B221-7D6BEFA56338}"
EndProject
Project("{FAE04EC0-301F-11D3-BF4B-00C04F79EFBC}") = "ElasticSearchLogging", "src\Common\ELK.Logging\ElasticSearchLogging.csproj", "{BB3E8C77-63EC-43F7-A06F-17CEC8A5714F}"
EndProject
Global
	GlobalSection(SolutionConfigurationPlatforms) = preSolution
		Debug|Any CPU = Debug|Any CPU
		Release|Any CPU = Release|Any CPU
	EndGlobalSection
	GlobalSection(ProjectConfigurationPlatforms) = postSolution
		{B5D6267C-E94E-4A5E-88E2-D893AB90C404}.Debug|Any CPU.ActiveCfg = Debug|Any CPU
		{B5D6267C-E94E-4A5E-88E2-D893AB90C404}.Debug|Any CPU.Build.0 = Debug|Any CPU
		{B5D6267C-E94E-4A5E-88E2-D893AB90C404}.Release|Any CPU.ActiveCfg = Release|Any CPU
		{B5D6267C-E94E-4A5E-88E2-D893AB90C404}.Release|Any CPU.Build.0 = Release|Any CPU
		{B06362B1-2243-4CBA-8ABC-04BA093853B2}.Debug|Any CPU.ActiveCfg = Debug|Any CPU
		{B06362B1-2243-4CBA-8ABC-04BA093853B2}.Debug|Any CPU.Build.0 = Debug|Any CPU
		{B06362B1-2243-4CBA-8ABC-04BA093853B2}.Release|Any CPU.ActiveCfg = Release|Any CPU
		{B06362B1-2243-4CBA-8ABC-04BA093853B2}.Release|Any CPU.Build.0 = Release|Any CPU
		{7B899A31-27DE-479F-962F-52BF339B74E8}.Debug|Any CPU.ActiveCfg = Debug|Any CPU
		{7B899A31-27DE-479F-962F-52BF339B74E8}.Debug|Any CPU.Build.0 = Debug|Any CPU
		{7B899A31-27DE-479F-962F-52BF339B74E8}.Release|Any CPU.ActiveCfg = Release|Any CPU
		{7B899A31-27DE-479F-962F-52BF339B74E8}.Release|Any CPU.Build.0 = Release|Any CPU
		{ECDF026A-F596-4FAC-B250-329E24729828}.Debug|Any CPU.ActiveCfg = Debug|Any CPU
		{ECDF026A-F596-4FAC-B250-329E24729828}.Debug|Any CPU.Build.0 = Debug|Any CPU
		{ECDF026A-F596-4FAC-B250-329E24729828}.Release|Any CPU.ActiveCfg = Release|Any CPU
		{ECDF026A-F596-4FAC-B250-329E24729828}.Release|Any CPU.Build.0 = Release|Any CPU
		{840A7065-C43A-4E03-AC49-35CD0290501B}.Debug|Any CPU.ActiveCfg = Debug|Any CPU
		{840A7065-C43A-4E03-AC49-35CD0290501B}.Debug|Any CPU.Build.0 = Debug|Any CPU
		{840A7065-C43A-4E03-AC49-35CD0290501B}.Release|Any CPU.ActiveCfg = Release|Any CPU
		{840A7065-C43A-4E03-AC49-35CD0290501B}.Release|Any CPU.Build.0 = Release|Any CPU
		{38809F5F-03B4-4F35-8B4D-C768AE60012D}.Debug|Any CPU.ActiveCfg = Debug|Any CPU
		{38809F5F-03B4-4F35-8B4D-C768AE60012D}.Debug|Any CPU.Build.0 = Debug|Any CPU
		{38809F5F-03B4-4F35-8B4D-C768AE60012D}.Release|Any CPU.ActiveCfg = Release|Any CPU
		{38809F5F-03B4-4F35-8B4D-C768AE60012D}.Release|Any CPU.Build.0 = Release|Any CPU
		{A21851A8-6D2B-4F93-9AE5-0F3783EA17C3}.Debug|Any CPU.ActiveCfg = Debug|Any CPU
		{A21851A8-6D2B-4F93-9AE5-0F3783EA17C3}.Debug|Any CPU.Build.0 = Debug|Any CPU
		{A21851A8-6D2B-4F93-9AE5-0F3783EA17C3}.Release|Any CPU.ActiveCfg = Release|Any CPU
		{A21851A8-6D2B-4F93-9AE5-0F3783EA17C3}.Release|Any CPU.Build.0 = Release|Any CPU
		{56F32089-4AAF-443C-9242-39486ABB2305}.Debug|Any CPU.ActiveCfg = Debug|Any CPU
		{56F32089-4AAF-443C-9242-39486ABB2305}.Debug|Any CPU.Build.0 = Debug|Any CPU
		{56F32089-4AAF-443C-9242-39486ABB2305}.Release|Any CPU.ActiveCfg = Release|Any CPU
		{56F32089-4AAF-443C-9242-39486ABB2305}.Release|Any CPU.Build.0 = Release|Any CPU
		{DE63C87B-FC23-4DFD-B221-7D6BEFA56338}.Debug|Any CPU.ActiveCfg = Debug|Any CPU
		{DE63C87B-FC23-4DFD-B221-7D6BEFA56338}.Debug|Any CPU.Build.0 = Debug|Any CPU
		{DE63C87B-FC23-4DFD-B221-7D6BEFA56338}.Release|Any CPU.ActiveCfg = Release|Any CPU
		{DE63C87B-FC23-4DFD-B221-7D6BEFA56338}.Release|Any CPU.Build.0 = Release|Any CPU
		{BB3E8C77-63EC-43F7-A06F-17CEC8A5714F}.Debug|Any CPU.ActiveCfg = Debug|Any CPU
		{BB3E8C77-63EC-43F7-A06F-17CEC8A5714F}.Debug|Any CPU.Build.0 = Debug|Any CPU
		{BB3E8C77-63EC-43F7-A06F-17CEC8A5714F}.Release|Any CPU.ActiveCfg = Release|Any CPU
		{BB3E8C77-63EC-43F7-A06F-17CEC8A5714F}.Release|Any CPU.Build.0 = Release|Any CPU
	EndGlobalSection
	GlobalSection(SolutionProperties) = preSolution
		HideSolutionNode = FALSE
	EndGlobalSection
	GlobalSection(NestedProjects) = preSolution
		{2E15B7EB-84B5-4B9B-BE68-CFBA97C4E170} = {DD3B96FC-F10D-4765-BD2D-50A1A54B00F1}
		{B5D6267C-E94E-4A5E-88E2-D893AB90C404} = {2E15B7EB-84B5-4B9B-BE68-CFBA97C4E170}
		{05953585-2E14-4CBE-8C0B-197D7FBFFF26} = {DD3B96FC-F10D-4765-BD2D-50A1A54B00F1}
		{7B899A31-27DE-479F-962F-52BF339B74E8} = {05953585-2E14-4CBE-8C0B-197D7FBFFF26}
		{036BC4B6-C1D4-4B1E-9426-C142EF0A4804} = {DD3B96FC-F10D-4765-BD2D-50A1A54B00F1}
		{ECDF026A-F596-4FAC-B250-329E24729828} = {036BC4B6-C1D4-4B1E-9426-C142EF0A4804}
		{AA4F1AEF-DE33-42DE-8C60-9A5A29E1277E} = {DD3B96FC-F10D-4765-BD2D-50A1A54B00F1}
		{840A7065-C43A-4E03-AC49-35CD0290501B} = {AA4F1AEF-DE33-42DE-8C60-9A5A29E1277E}
		{38809F5F-03B4-4F35-8B4D-C768AE60012D} = {AA4F1AEF-DE33-42DE-8C60-9A5A29E1277E}
		{A21851A8-6D2B-4F93-9AE5-0F3783EA17C3} = {AA4F1AEF-DE33-42DE-8C60-9A5A29E1277E}
		{56F32089-4AAF-443C-9242-39486ABB2305} = {AA4F1AEF-DE33-42DE-8C60-9A5A29E1277E}
		{F8F322D2-57A4-467E-9253-370DB6A3FB7E} = {DD3B96FC-F10D-4765-BD2D-50A1A54B00F1}
		{DE63C87B-FC23-4DFD-B221-7D6BEFA56338} = {F8F322D2-57A4-467E-9253-370DB6A3FB7E}
		{BB3E8C77-63EC-43F7-A06F-17CEC8A5714F} = {036BC4B6-C1D4-4B1E-9426-C142EF0A4804}
	EndGlobalSection
	GlobalSection(ExtensibilityGlobals) = postSolution
		SolutionGuid = {913EE010-0573-4565-9DA5-43E7ADCB386A}
	EndGlobalSection
EndGlobal
